
Microsoft Visual Studio Solution File, Format Version 12.00
# Visual Studio Version 17
VisualStudioVersion = 17.11.35222.181
MinimumVisualStudioVersion = 10.0.40219.1
Project("{FAE04EC0-301F-11D3-BF4B-00C04F79EFBC}") = "WindowsFormsApp1", "WindowsFormsApp1\WindowsFormsApp1.csproj", "{CBDFF990-101D-4B9A-8FE0-F721315E7034}"
EndProject
Global
	GlobalSection(SolutionConfigurationPlatforms) = preSolution
		Debug|Any CPU = Debug|Any CPU
		Release|Any CPU = Release|Any CPU
	EndGlobalSection
	GlobalSection(ProjectConfigurationPlatforms) = postSolution
		{CBDFF990-101D-4B9A-8FE0-F721315E7034}.Debug|Any CPU.ActiveCfg = Debug|Any CPU
		{CBDFF990-101D-4B9A-8FE0-F721315E7034}.Debug|Any CPU.Build.0 = Debug|Any CPU
		{CBDFF990-101D-4B9A-8FE0-F721315E7034}.Release|Any CPU.ActiveCfg = Release|Any CPU
		{CBDFF990-101D-4B9A-8FE0-F721315E7034}.Release|Any CPU.Build.0 = Release|Any CPU
	EndGlobalSection
	GlobalSection(SolutionProperties) = preSolution
		HideSolutionNode = FALSE
	EndGlobalSection
	GlobalSection(ExtensibilityGlobals) = postSolution
		SolutionGuid = {DE6B3FB6-6E9C-491C-ABFE-F7530A03B729}
	EndGlobalSection
EndGlobal
