
Microsoft Visual Studio Solution File, Format Version 12.00
# Visual Studio Version 17
VisualStudioVersion = 17.14.36804.6 d17.14
MinimumVisualStudioVersion = 10.0.40219.1
Project("{FAE04EC0-301F-11D3-BF4B-00C04F79EFBC}") = "WpfApp1_Lab7", "WpfApp1_Lab7\WpfApp1_Lab7.csproj", "{5C97C739-7A25-47D9-9B28-794C06C666CF}"
EndProject
Global
	GlobalSection(SolutionConfigurationPlatforms) = preSolution
		Debug|Any CPU = Debug|Any CPU
		Release|Any CPU = Release|Any CPU
	EndGlobalSection
	GlobalSection(ProjectConfigurationPlatforms) = postSolution
		{5C97C739-7A25-47D9-9B28-794C06C666CF}.Debug|Any CPU.ActiveCfg = Debug|Any CPU
		{5C97C739-7A25-47D9-9B28-794C06C666CF}.Debug|Any CPU.Build.0 = Debug|Any CPU
		{5C97C739-7A25-47D9-9B28-794C06C666CF}.Release|Any CPU.ActiveCfg = Release|Any CPU
		{5C97C739-7A25-47D9-9B28-794C06C666CF}.Release|Any CPU.Build.0 = Release|Any CPU
	EndGlobalSection
	GlobalSection(SolutionProperties) = preSolution
		HideSolutionNode = FALSE
	EndGlobalSection
	GlobalSection(ExtensibilityGlobals) = postSolution
		SolutionGuid = {E164BB6A-0C88-49FC-B51A-E8E6B9ADDFE9}
	EndGlobalSection
EndGlobal
